{
  "version": 4,
  "terraform_version": "1.0.1",
  "serial": 4,
  "lineage": "d62e4a96-11dc-168a-10fa-bb60b3b39c56",
  "outputs": {
    "event_hub_name": {
      "value": "iot_events_raw",
      "type": "string",
      "sensitive": true
    },
    "storage_account_containername": {
      "value": "events",
      "type": "string",
      "sensitive": true
    }
  },
  "resources": [
    {
      "module": "module.faas",
      "mode": "managed",
      "type": "azurerm_app_service_plan",
      "name": "faas",
      "provider": "provider[\"registry.terraform.io/hashicorp/azurerm\"]",
      "instances": []
    },
    {
      "module": "module.faas",
      "mode": "managed",
      "type": "azurerm_application_insights",
      "name": "app_insights",
      "provider": "provider[\"registry.terraform.io/hashicorp/azurerm\"]",
      "instances": []
    },
    {
      "module": "module.faas",
      "mode": "managed",
      "type": "azurerm_eventhub",
      "name": "eh_raw",
      "provider": "provider[\"registry.terraform.io/hashicorp/azurerm\"]",
      "instances": []
    },
    {
      "module": "module.faas",
      "mode": "managed",
      "type": "azurerm_eventhub_namespace",
      "name": "ehn",
      "provider": "provider[\"registry.terraform.io/hashicorp/azurerm\"]",
      "instances": []
    },
    {
      "module": "module.faas",
      "mode": "managed",
      "type": "azurerm_function_app",
      "name": "faas",
      "provider": "provider[\"registry.terraform.io/hashicorp/azurerm\"]",
      "instances": []
    },
    {
      "module": "module.faas",
      "mode": "managed",
      "type": "azurerm_monitor_diagnostic_setting",
      "name": "event_hub_logs",
      "provider": "provider[\"registry.terraform.io/hashicorp/azurerm\"]",
      "instances": []
    },
    {
      "module": "module.faas",
      "mode": "managed",
      "type": "azurerm_storage_account",
      "name": "faas_storage",
      "provider": "provider[\"registry.terraform.io/hashicorp/azurerm\"]",
      "instances": []
    },
    {
      "module": "module.faas",
      "mode": "managed",
      "type": "azurerm_storage_account",
      "name": "sa",
      "provider": "provider[\"registry.terraform.io/hashicorp/azurerm\"]",
      "instances": []
    },
    {
      "module": "module.faas",
      "mode": "managed",
      "type": "azurerm_storage_container",
      "name": "events",
      "provider": "provider[\"registry.terraform.io/hashicorp/azurerm\"]",
      "instances": []
    },
    {
      "module": "module.faas",
      "mode": "managed",
      "type": "random_string",
      "name": "faas_salt",
      "provider": "provider[\"registry.terraform.io/hashicorp/random\"]",
      "instances": [
        {
          "schema_version": 1,
          "attributes": {
            "id": "uayd",
            "keepers": null,
            "length": 4,
            "lower": true,
            "min_lower": 0,
            "min_numeric": 0,
            "min_special": 0,
            "min_upper": 0,
            "number": true,
            "override_special": null,
            "result": "uayd",
            "special": false,
            "upper": false
          },
          "sensitive_attributes": [],
          "private": "eyJzY2hlbWFfdmVyc2lvbiI6IjEifQ=="
        }
      ]
    },
    {
      "module": "module.observability",
      "mode": "managed",
      "type": "azurerm_log_analytics_workspace",
      "name": "main",
      "provider": "provider[\"registry.terraform.io/hashicorp/azurerm\"]",
      "instances": []
    }
  ]
}
